
Microsoft Visual Studio Solution File, Format Version 12.00
# Visual Studio 2013
VisualStudioVersion = 12.0.40629.0
MinimumVisualStudioVersion = 10.0.40219.1
Project("{FAE04EC0-301F-11D3-BF4B-00C04F79EFBC}") = "PiedraPapelTijeraLagartoSpock", "PiedraPapelTijeraLagartoSopck\PiedraPapelTijeraLagartoSpock.csproj", "{B8DEB892-511C-4E53-8DC7-C5AC842B8A8F}"
EndProject
Project("{FAE04EC0-301F-11D3-BF4B-00C04F79EFBC}") = "PiedraPapelTijeraLagartoSpockTest", "PiedraPapelTijeraLagartoSpockTest\PiedraPapelTijeraLagartoSpockTest.csproj", "{16BA2124-CAFF-4E91-ACD0-F4D6ACB4E743}"
EndProject
Project("{2150E333-8FDC-42A3-9474-1A3956D46DE8}") = "Documentación", "Documentación", "{4C8E51EC-CFE7-46F8-AB31-407AF9C00955}"
	ProjectSection(SolutionItems) = preProject
		Documentacion.txt = Documentacion.txt
		EsquemaTDD.jpg = EsquemaTDD.jpg
		RGR.jpg = RGR.jpg
	EndProjectSection
EndProject
Global
	GlobalSection(SolutionConfigurationPlatforms) = preSolution
		Debug|Any CPU = Debug|Any CPU
		Release|Any CPU = Release|Any CPU
	EndGlobalSection
	GlobalSection(ProjectConfigurationPlatforms) = postSolution
		{B8DEB892-511C-4E53-8DC7-C5AC842B8A8F}.Debug|Any CPU.ActiveCfg = Debug|Any CPU
		{B8DEB892-511C-4E53-8DC7-C5AC842B8A8F}.Debug|Any CPU.Build.0 = Debug|Any CPU
		{B8DEB892-511C-4E53-8DC7-C5AC842B8A8F}.Release|Any CPU.ActiveCfg = Release|Any CPU
		{B8DEB892-511C-4E53-8DC7-C5AC842B8A8F}.Release|Any CPU.Build.0 = Release|Any CPU
		{16BA2124-CAFF-4E91-ACD0-F4D6ACB4E743}.Debug|Any CPU.ActiveCfg = Debug|Any CPU
		{16BA2124-CAFF-4E91-ACD0-F4D6ACB4E743}.Debug|Any CPU.Build.0 = Debug|Any CPU
		{16BA2124-CAFF-4E91-ACD0-F4D6ACB4E743}.Release|Any CPU.ActiveCfg = Release|Any CPU
		{16BA2124-CAFF-4E91-ACD0-F4D6ACB4E743}.Release|Any CPU.Build.0 = Release|Any CPU
	EndGlobalSection
	GlobalSection(SolutionProperties) = preSolution
		HideSolutionNode = FALSE
	EndGlobalSection
EndGlobal
